{
  "name": "ChromeExtensions",
  "lockfileVersion": 3,
  "requires": true,
  "packages": {
    "": {
      "dependencies": {
        "chrome-types": "^0.1.258"
      }
    },
    "node_modules/chrome-types": {
      "version": "0.1.258",
      "resolved": "https://registry.npmjs.org/chrome-types/-/chrome-types-0.1.258.tgz",
      "integrity": "sha512-TsCGtGPKK3diwKrhQcdvHFOhJ3POZljQa2VMGVcZaDDLCKP/nXCAZRTc6OzMxKSqm9M7/qnNVwRns/9PCHNutw=="
    }
  }
}
